# This file is automatically @generated by Cargo.
# It is not intended for manual editing.
version = 3

[[package]]
name = "aarch64-cpu"
version = "9.4.0"
source = "registry+https://github.com/rust-lang/crates.io-index"
checksum = "ac42a04a61c19fc8196dd728022a784baecc5d63d7e256c01ad1b3fbfab26287"
dependencies = [
 "tock-registers 0.8.1",
]

[[package]]
name = "ahash"
version = "0.8.11"
source = "registry+https://github.com/rust-lang/crates.io-index"
checksum = "e89da841a80418a9b391ebaea17f5c112ffaaa96f621d2c285b5174da76b9011"
dependencies = [
 "cfg-if",
 "once_cell",
 "version_check",
 "zerocopy",
]

[[package]]
name = "allocator-api2"
version = "0.2.18"
source = "registry+https://github.com/rust-lang/crates.io-index"
checksum = "5c6cb57a04249c6480766f7f7cef5467412af1490f8d1e243141daddada3264f"

[[package]]
name = "bootloader"
version = "0.1.0"
dependencies = [
 "bsp",
 "device",
 "library",
]

[[package]]
name = "bsp"
version = "0.1.0"

[[package]]
name = "cfg-if"
version = "1.0.0"
source = "registry+https://github.com/rust-lang/crates.io-index"
checksum = "baf1de4339761588bc0619e3cbc0120ee582ebb74b53b4efbf79117bd2da40fd"

[[package]]
name = "cpio"
version = "0.1.0"
dependencies = [
 "library",
 "vfs",
]

[[package]]
name = "cpu"
version = "0.1.0"
dependencies = [
 "aarch64-cpu",
 "tock-registers 0.8.1",
]

[[package]]
name = "device"
version = "0.1.0"
dependencies = [
 "aarch64-cpu",
 "bsp",
 "cpu",
 "library",
 "tock-registers 0.9.0",
]

[[package]]
name = "devicetree"
version = "0.1.0"

[[package]]
name = "hashbrown"
version = "0.14.5"
source = "registry+https://github.com/rust-lang/crates.io-index"
checksum = "e5274423e17b7c9fc20b6e7e208532f9b19825d82dfd615708b70edd83df41f1"
dependencies = [
 "ahash",
 "allocator-api2",
]

[[package]]
name = "kernel-transfer"
version = "0.1.0"

[[package]]
name = "library"
version = "0.1.0"

[[package]]
name = "once_cell"
version = "1.19.0"
source = "registry+https://github.com/rust-lang/crates.io-index"
checksum = "3fdb12b2476b595f9358c5161aa467c2438859caa136dec86c26fdd2efe17b92"

[[package]]
name = "ppos"
version = "0.1.0"
dependencies = [
 "aarch64-cpu",
 "bsp",
 "cpio",
 "cpu",
 "devicetree",
 "hashbrown",
 "library",
 "tock-registers 0.8.1",
 "vfs",
]

[[package]]
name = "proc-macro2"
version = "1.0.81"
source = "registry+https://github.com/rust-lang/crates.io-index"
checksum = "3d1597b0c024618f09a9c3b8655b7e430397a36d23fdafec26d6965e9eec3eba"
dependencies = [
 "unicode-ident",
]

[[package]]
name = "quote"
version = "1.0.36"
source = "registry+https://github.com/rust-lang/crates.io-index"
checksum = "0fa76aaf39101c457836aec0ce2316dbdc3ab723cdda1c6bd4e6ad4208acaca7"
dependencies = [
 "proc-macro2",
]

[[package]]
name = "syn"
version = "2.0.60"
source = "registry+https://github.com/rust-lang/crates.io-index"
checksum = "909518bc7b1c9b779f1bbf07f2929d35af9f0f37e47c6e9ef7f9dddc1e1821f3"
dependencies = [
 "proc-macro2",
 "quote",
 "unicode-ident",
]

[[package]]
name = "system-call-test-program"
version = "0.1.0"

[[package]]
name = "tock-registers"
version = "0.8.1"
source = "registry+https://github.com/rust-lang/crates.io-index"
checksum = "696941a0aee7e276a165a978b37918fd5d22c55c3d6bda197813070ca9c0f21c"

[[package]]
name = "tock-registers"
version = "0.9.0"
source = "registry+https://github.com/rust-lang/crates.io-index"
checksum = "2b9e2fdb3a1e862c0661768b7ed25390811df1947a8acbfbefe09b47078d93c4"

[[package]]
name = "unicode-ident"
version = "1.0.12"
source = "registry+https://github.com/rust-lang/crates.io-index"
checksum = "3354b9ac3fae1ff6755cb6db53683adb661634f67557942dea4facebec0fee4b"

[[package]]
name = "user-space-test-program"
version = "0.1.0"

[[package]]
name = "version_check"
version = "0.9.4"
source = "registry+https://github.com/rust-lang/crates.io-index"
checksum = "49874b5167b65d7193b8aba1567f5c7d93d001cafc34600cee003eda787e483f"

[[package]]
name = "vfs"
version = "0.1.0"
dependencies = [
 "library",
 "tock-registers 0.8.1",
]

[[package]]
name = "zerocopy"
version = "0.7.32"
source = "registry+https://github.com/rust-lang/crates.io-index"
checksum = "74d4d3961e53fa4c9a25a8637fc2bfaf2595b3d3ae34875568a5cf64787716be"
dependencies = [
 "zerocopy-derive",
]

[[package]]
name = "zerocopy-derive"
version = "0.7.32"
source = "registry+https://github.com/rust-lang/crates.io-index"
checksum = "9ce1b18ccd8e73a9321186f97e46f9f04b778851177567b1975109d26a08d2a6"
dependencies = [
 "proc-macro2",
 "quote",
 "syn",
]
